
Microsoft Visual Studio Solution File, Format Version 12.00
# Visual Studio Version 16
VisualStudioVersion = 16.0.30011.22
MinimumVisualStudioVersion = 10.0.40219.1
Project("{9A19103F-16F7-4668-BE54-9A1E7A4F7556}") = "LINQ", "LINQ\LINQ.csproj", "{97DB7996-9DFE-41F8-A4F8-A159BF5AA899}"
EndProject
Project("{2150E333-8FDC-42A3-9474-1A3956D46DE8}") = "Classes", "Classes", "{9EE1D6A3-4FCB-4746-A802-2ECDF9C78D52}"
	ProjectSection(SolutionItems) = preProject
		LINQ\Feature.cs = LINQ\Feature.cs
		LINQ\Geometry.cs = LINQ\Geometry.cs
		LINQ\Properties.cs = LINQ\Properties.cs
		LINQ\RootObject.cs = LINQ\RootObject.cs
	EndProjectSection
EndProject
Global
	GlobalSection(SolutionConfigurationPlatforms) = preSolution
		Debug|Any CPU = Debug|Any CPU
		Release|Any CPU = Release|Any CPU
	EndGlobalSection
	GlobalSection(ProjectConfigurationPlatforms) = postSolution
		{97DB7996-9DFE-41F8-A4F8-A159BF5AA899}.Debug|Any CPU.ActiveCfg = Debug|Any CPU
		{97DB7996-9DFE-41F8-A4F8-A159BF5AA899}.Debug|Any CPU.Build.0 = Debug|Any CPU
		{97DB7996-9DFE-41F8-A4F8-A159BF5AA899}.Release|Any CPU.ActiveCfg = Release|Any CPU
		{97DB7996-9DFE-41F8-A4F8-A159BF5AA899}.Release|Any CPU.Build.0 = Release|Any CPU
	EndGlobalSection
	GlobalSection(SolutionProperties) = preSolution
		HideSolutionNode = FALSE
	EndGlobalSection
	GlobalSection(ExtensibilityGlobals) = postSolution
		SolutionGuid = {1F9A0A37-34BE-4424-87CB-7F684D25C4AB}
	EndGlobalSection
EndGlobal
